
Microsoft Visual Studio Solution File, Format Version 12.00
# Visual Studio Version 17
VisualStudioVersion = 17.14.36221.1 d17.14
MinimumVisualStudioVersion = 10.0.40219.1
Project("{FAE04EC0-301F-11D3-BF4B-00C04F79EFBC}") = "HealthBookTracker", "HealthBookTracker\HealthBookTracker.csproj", "{2D4D71CF-A5DA-43FA-BC24-99EC40968074}"
EndProject
Global
	GlobalSection(SolutionConfigurationPlatforms) = preSolution
		Debug|Any CPU = Debug|Any CPU
		Release|Any CPU = Release|Any CPU
	EndGlobalSection
	GlobalSection(ProjectConfigurationPlatforms) = postSolution
		{2D4D71CF-A5DA-43FA-BC24-99EC40968074}.Debug|Any CPU.ActiveCfg = Debug|Any CPU
		{2D4D71CF-A5DA-43FA-BC24-99EC40968074}.Debug|Any CPU.Build.0 = Debug|Any CPU
		{2D4D71CF-A5DA-43FA-BC24-99EC40968074}.Release|Any CPU.ActiveCfg = Release|Any CPU
		{2D4D71CF-A5DA-43FA-BC24-99EC40968074}.Release|Any CPU.Build.0 = Release|Any CPU
	EndGlobalSection
	GlobalSection(SolutionProperties) = preSolution
		HideSolutionNode = FALSE
	EndGlobalSection
	GlobalSection(ExtensibilityGlobals) = postSolution
		SolutionGuid = {83B9809E-78EF-45D7-B88A-7C3295282E85}
	EndGlobalSection
EndGlobal
